<?xml version="1.0" encoding="utf-8"?>
<Project ToolsVersion="4.0" xmlns="http://schemas.microsoft.com/developer/msbuild/2003">
  <ItemGroup>
    <Filter Include="resampler">
      <UniqueIdentifier>{4fbe545f-fb5e-40a6-bd53-724b7076f465}</UniqueIdentifier>
    </Filter>
    <Filter Include="signal_processing">
      <UniqueIdentifier>{104b102c-be32-42aa-8c5e-5ffa1401700a}</UniqueIdentifier>
    </Filter>
    <Filter Include="vad">
      <UniqueIdentifier>{83922b30-6457-4fd3-8923-1bbb499a9ec0}</UniqueIdentifier>
    </Filter>
  </ItemGroup>
  <ItemGroup>
    <ClCompile Include="..\..\common_audio\resampler\resampler.cc">
      <Filter>resampler</Filter>
    </ClCompile>
    <ClCompile Include="..\..\common_audio\signal_processing\auto_corr_to_refl_coef.c">
      <Filter>signal_processing</Filter>
    </ClCompile>
    <ClCompile Include="..\..\common_audio\signal_processing\auto_correlation.c">
      <Filter>signal_processing</Filter>
    </ClCompile>
    <ClCompile Include="..\..\common_audio\signal_processing\complex_bit_reverse.c">
      <Filter>signal_processing</Filter>
    </ClCompile>
    <ClCompile Include="..\..\common_audio\signal_processing\complex_fft.c">
      <Filter>signal_processing</Filter>
    </ClCompile>
    <ClCompile Include="..\..\common_audio\signal_processing\copy_set_operations.c">
      <Filter>signal_processing</Filter>
    </ClCompile>
    <ClCompile Include="..\..\common_audio\signal_processing\cross_correlation.c">
      <Filter>signal_processing</Filter>
    </ClCompile>
    <ClCompile Include="..\..\common_audio\signal_processing\division_operations.c">
      <Filter>signal_processing</Filter>
    </ClCompile>
    <ClCompile Include="..\..\common_audio\signal_processing\dot_product_with_scale.c">
      <Filter>signal_processing</Filter>
    </ClCompile>
    <ClCompile Include="..\..\common_audio\signal_processing\downsample_fast.c">
      <Filter>signal_processing</Filter>
    </ClCompile>
    <ClCompile Include="..\..\common_audio\signal_processing\energy.c">
      <Filter>signal_processing</Filter>
    </ClCompile>
    <ClCompile Include="..\..\common_audio\signal_processing\filter_ar.c">
      <Filter>signal_processing</Filter>
    </ClCompile>
    <ClCompile Include="..\..\common_audio\signal_processing\filter_ar_fast_q12.c">
      <Filter>signal_processing</Filter>
    </ClCompile>
    <ClCompile Include="..\..\common_audio\signal_processing\filter_ma_fast_q12.c">
      <Filter>signal_processing</Filter>
    </ClCompile>
    <ClCompile Include="..\..\common_audio\signal_processing\get_hanning_window.c">
      <Filter>signal_processing</Filter>
    </ClCompile>
    <ClCompile Include="..\..\common_audio\signal_processing\get_scaling_square.c">
      <Filter>signal_processing</Filter>
    </ClCompile>
    <ClCompile Include="..\..\common_audio\signal_processing\ilbc_specific_functions.c">
      <Filter>signal_processing</Filter>
    </ClCompile>
    <ClCompile Include="..\..\common_audio\signal_processing\levinson_durbin.c">
      <Filter>signal_processing</Filter>
    </ClCompile>
    <ClCompile Include="..\..\common_audio\signal_processing\lpc_to_refl_coef.c">
      <Filter>signal_processing</Filter>
    </ClCompile>
    <ClCompile Include="..\..\common_audio\signal_processing\min_max_operations.c">
      <Filter>signal_processing</Filter>
    </ClCompile>
    <ClCompile Include="..\..\common_audio\signal_processing\randomization_functions.c">
      <Filter>signal_processing</Filter>
    </ClCompile>
    <ClCompile Include="..\..\common_audio\signal_processing\real_fft.c">
      <Filter>signal_processing</Filter>
    </ClCompile>
    <ClCompile Include="..\..\common_audio\signal_processing\refl_coef_to_lpc.c">
      <Filter>signal_processing</Filter>
    </ClCompile>
    <ClCompile Include="..\..\common_audio\signal_processing\resample.c">
      <Filter>signal_processing</Filter>
    </ClCompile>
    <ClCompile Include="..\..\common_audio\signal_processing\resample_48khz.c">
      <Filter>signal_processing</Filter>
    </ClCompile>
    <ClCompile Include="..\..\common_audio\signal_processing\resample_by_2.c">
      <Filter>signal_processing</Filter>
    </ClCompile>
    <ClCompile Include="..\..\common_audio\signal_processing\resample_by_2_internal.c">
      <Filter>signal_processing</Filter>
    </ClCompile>
    <ClCompile Include="..\..\common_audio\signal_processing\resample_fractional.c">
      <Filter>signal_processing</Filter>
    </ClCompile>
    <ClCompile Include="..\..\common_audio\signal_processing\spl_sqrt.c">
      <Filter>signal_processing</Filter>
    </ClCompile>
    <ClCompile Include="..\..\common_audio\signal_processing\spl_sqrt_floor.c">
      <Filter>signal_processing</Filter>
    </ClCompile>
    <ClCompile Include="..\..\common_audio\signal_processing\spl_version.c">
      <Filter>signal_processing</Filter>
    </ClCompile>
    <ClCompile Include="..\..\common_audio\signal_processing\splitting_filter.c">
      <Filter>signal_processing</Filter>
    </ClCompile>
    <ClCompile Include="..\..\common_audio\signal_processing\sqrt_of_one_minus_x_squared.c">
      <Filter>signal_processing</Filter>
    </ClCompile>
    <ClCompile Include="..\..\common_audio\signal_processing\vector_scaling_operations.c">
      <Filter>signal_processing</Filter>
    </ClCompile>
    <ClCompile Include="..\..\common_audio\signal_processing\webrtc_fft_t_1024_8.c">
      <Filter>signal_processing</Filter>
    </ClCompile>
    <ClCompile Include="..\..\common_audio\signal_processing\webrtc_fft_t_rad.c">
      <Filter>signal_processing</Filter>
    </ClCompile>
    <ClCompile Include="..\..\common_audio\vad\vad_core.c">
      <Filter>vad</Filter>
    </ClCompile>
    <ClCompile Include="..\..\common_audio\vad\vad_filterbank.c">
      <Filter>vad</Filter>
    </ClCompile>
    <ClCompile Include="..\..\common_audio\vad\vad_gmm.c">
      <Filter>vad</Filter>
    </ClCompile>
    <ClCompile Include="..\..\common_audio\vad\vad_sp.c">
      <Filter>vad</Filter>
    </ClCompile>
    <ClCompile Include="..\..\common_audio\vad\webrtc_vad.c">
      <Filter>vad</Filter>
    </ClCompile>
  </ItemGroup>
  <ItemGroup>
    <ClInclude Include="..\..\common_audio\vad\vad_core.h">
      <Filter>vad</Filter>
    </ClInclude>
    <ClInclude Include="..\..\common_audio\vad\vad_filterbank.h">
      <Filter>vad</Filter>
    </ClInclude>
    <ClInclude Include="..\..\common_audio\vad\vad_gmm.h">
      <Filter>vad</Filter>
    </ClInclude>
    <ClInclude Include="..\..\common_audio\vad\vad_sp.h">
      <Filter>vad</Filter>
    </ClInclude>
  </ItemGroup>
  <ItemGroup>
    <CustomBuildStep Include="..\..\common_audio\signal_processing\complex_bit_reverse_arm.s">
      <Filter>signal_processing</Filter>
    </CustomBuildStep>
    <CustomBuildStep Include="..\..\common_audio\signal_processing\cross_correlation_neon.s">
      <Filter>signal_processing</Filter>
    </CustomBuildStep>
    <CustomBuildStep Include="..\..\common_audio\signal_processing\downsample_fast_neon.s">
      <Filter>signal_processing</Filter>
    </CustomBuildStep>
    <CustomBuildStep Include="..\..\common_audio\signal_processing\filter_ar_fast_q12_armv7.s">
      <Filter>signal_processing</Filter>
    </CustomBuildStep>
    <CustomBuildStep Include="..\..\common_audio\signal_processing\min_max_operations_neon.s">
      <Filter>signal_processing</Filter>
    </CustomBuildStep>
    <CustomBuildStep Include="..\..\common_audio\signal_processing\spl_sqrt_floor_arm.s">
      <Filter>signal_processing</Filter>
    </CustomBuildStep>
    <CustomBuildStep Include="..\..\common_audio\signal_processing\vector_scaling_operations_neon.s">
      <Filter>signal_processing</Filter>
    </CustomBuildStep>
  </ItemGroup>
</Project>